
Microsoft Visual Studio Solution File, Format Version 12.00
# Visual Studio 2013
VisualStudioVersion = 12.0.21005.1
MinimumVisualStudioVersion = 10.0.40219.1
Project("{FAE04EC0-301F-11D3-BF4B-00C04F79EFBC}") = "01NumbersFrom1ToN", "01NumbersFrom1ToN\01NumbersFrom1ToN.csproj", "{4E160BEF-AB84-4ED5-B84E-D701FF1FF06A}"
EndProject
Project("{FAE04EC0-301F-11D3-BF4B-00C04F79EFBC}") = "02NumbersNitDivisiableBy3And7", "02NumbersNitDivisiableBy3And7\02NumbersNitDivisiableBy3And7.csproj", "{87498243-B89D-4350-BB56-92A4C948D124}"
EndProject
Project("{FAE04EC0-301F-11D3-BF4B-00C04F79EFBC}") = "03MinMaxSumAndAvg", "03MinMaxSumAndAvg\03MinMaxSumAndAvg.csproj", "{B25FA9EC-0331-4841-B93A-B77D384CB6A9}"
EndProject
Project("{FAE04EC0-301F-11D3-BF4B-00C04F79EFBC}") = "04PrintADeckOfCards", "04PrintADeckOfCards\04PrintADeckOfCards.csproj", "{3082F52F-053D-4D95-9BB9-1FFEF075663C}"
EndProject
Global
	GlobalSection(SolutionConfigurationPlatforms) = preSolution
		Debug|Any CPU = Debug|Any CPU
		Release|Any CPU = Release|Any CPU
	EndGlobalSection
	GlobalSection(ProjectConfigurationPlatforms) = postSolution
		{4E160BEF-AB84-4ED5-B84E-D701FF1FF06A}.Debug|Any CPU.ActiveCfg = Debug|Any CPU
		{4E160BEF-AB84-4ED5-B84E-D701FF1FF06A}.Debug|Any CPU.Build.0 = Debug|Any CPU
		{4E160BEF-AB84-4ED5-B84E-D701FF1FF06A}.Release|Any CPU.ActiveCfg = Release|Any CPU
		{4E160BEF-AB84-4ED5-B84E-D701FF1FF06A}.Release|Any CPU.Build.0 = Release|Any CPU
		{87498243-B89D-4350-BB56-92A4C948D124}.Debug|Any CPU.ActiveCfg = Debug|Any CPU
		{87498243-B89D-4350-BB56-92A4C948D124}.Debug|Any CPU.Build.0 = Debug|Any CPU
		{87498243-B89D-4350-BB56-92A4C948D124}.Release|Any CPU.ActiveCfg = Release|Any CPU
		{87498243-B89D-4350-BB56-92A4C948D124}.Release|Any CPU.Build.0 = Release|Any CPU
		{B25FA9EC-0331-4841-B93A-B77D384CB6A9}.Debug|Any CPU.ActiveCfg = Debug|Any CPU
		{B25FA9EC-0331-4841-B93A-B77D384CB6A9}.Debug|Any CPU.Build.0 = Debug|Any CPU
		{B25FA9EC-0331-4841-B93A-B77D384CB6A9}.Release|Any CPU.ActiveCfg = Release|Any CPU
		{B25FA9EC-0331-4841-B93A-B77D384CB6A9}.Release|Any CPU.Build.0 = Release|Any CPU
		{3082F52F-053D-4D95-9BB9-1FFEF075663C}.Debug|Any CPU.ActiveCfg = Debug|Any CPU
		{3082F52F-053D-4D95-9BB9-1FFEF075663C}.Debug|Any CPU.Build.0 = Debug|Any CPU
		{3082F52F-053D-4D95-9BB9-1FFEF075663C}.Release|Any CPU.ActiveCfg = Release|Any CPU
		{3082F52F-053D-4D95-9BB9-1FFEF075663C}.Release|Any CPU.Build.0 = Release|Any CPU
	EndGlobalSection
	GlobalSection(SolutionProperties) = preSolution
		HideSolutionNode = FALSE
	EndGlobalSection
EndGlobal
